
Microsoft Visual Studio Solution File, Format Version 11.00
# Visual Studio 2010
Project("{FAE04EC0-301F-11D3-BF4B-00C04F79EFBC}") = "CFXRDemo", "CFXRDemo.csproj", "{700f3f3e-2032-fbe9-d6ec-bdf61becc680}"
EndProject
Project("{FAE04EC0-301F-11D3-BF4B-00C04F79EFBC}") = "Assembly-CSharp", "Assembly-CSharp.csproj", "{e6bdc332-25e1-2831-82c1-25d0441455a3}"
EndProject
Project("{FAE04EC0-301F-11D3-BF4B-00C04F79EFBC}") = "KinoBloom.Runtime", "KinoBloom.Runtime.csproj", "{0127f983-3db9-7690-8e78-9ec3c16cfdb2}"
EndProject
Project("{FAE04EC0-301F-11D3-BF4B-00C04F79EFBC}") = "CFXRRuntime", "CFXRRuntime.csproj", "{d9bbcf15-cd7f-0aa6-5565-769f3bd8c869}"
EndProject
Project("{FAE04EC0-301F-11D3-BF4B-00C04F79EFBC}") = "CFXR.WelcomeScreen", "CFXR.WelcomeScreen.csproj", "{991329ed-5273-1120-e4fb-7d3873a7657d}"
EndProject
Project("{FAE04EC0-301F-11D3-BF4B-00C04F79EFBC}") = "ToonyColorsPro.Demo.Editor", "ToonyColorsPro.Demo.Editor.csproj", "{974e3f68-5be9-83ba-9167-01b8e7d98d8c}"
EndProject
Project("{FAE04EC0-301F-11D3-BF4B-00C04F79EFBC}") = "CFXREditor", "CFXREditor.csproj", "{ddb52eef-501d-8b06-c85e-5a2eb60fea54}"
EndProject
Project("{FAE04EC0-301F-11D3-BF4B-00C04F79EFBC}") = "Assembly-CSharp-Editor", "Assembly-CSharp-Editor.csproj", "{0910a9e8-8671-82a3-4fe4-3c21ba335f00}"
EndProject
Global
	GlobalSection(SolutionConfigurationPlatforms) = preSolution
		Debug|Any CPU = Debug|Any CPU
	EndGlobalSection
	GlobalSection(ProjectConfigurationPlatforms) = postSolution
		{700f3f3e-2032-fbe9-d6ec-bdf61becc680}.Debug|Any CPU.ActiveCfg = Debug|Any CPU
		{700f3f3e-2032-fbe9-d6ec-bdf61becc680}.Debug|Any CPU.Build.0 = Debug|Any CPU
		{e6bdc332-25e1-2831-82c1-25d0441455a3}.Debug|Any CPU.ActiveCfg = Debug|Any CPU
		{e6bdc332-25e1-2831-82c1-25d0441455a3}.Debug|Any CPU.Build.0 = Debug|Any CPU
		{0127f983-3db9-7690-8e78-9ec3c16cfdb2}.Debug|Any CPU.ActiveCfg = Debug|Any CPU
		{0127f983-3db9-7690-8e78-9ec3c16cfdb2}.Debug|Any CPU.Build.0 = Debug|Any CPU
		{d9bbcf15-cd7f-0aa6-5565-769f3bd8c869}.Debug|Any CPU.ActiveCfg = Debug|Any CPU
		{d9bbcf15-cd7f-0aa6-5565-769f3bd8c869}.Debug|Any CPU.Build.0 = Debug|Any CPU
		{991329ed-5273-1120-e4fb-7d3873a7657d}.Debug|Any CPU.ActiveCfg = Debug|Any CPU
		{991329ed-5273-1120-e4fb-7d3873a7657d}.Debug|Any CPU.Build.0 = Debug|Any CPU
		{974e3f68-5be9-83ba-9167-01b8e7d98d8c}.Debug|Any CPU.ActiveCfg = Debug|Any CPU
		{974e3f68-5be9-83ba-9167-01b8e7d98d8c}.Debug|Any CPU.Build.0 = Debug|Any CPU
		{ddb52eef-501d-8b06-c85e-5a2eb60fea54}.Debug|Any CPU.ActiveCfg = Debug|Any CPU
		{ddb52eef-501d-8b06-c85e-5a2eb60fea54}.Debug|Any CPU.Build.0 = Debug|Any CPU
		{0910a9e8-8671-82a3-4fe4-3c21ba335f00}.Debug|Any CPU.ActiveCfg = Debug|Any CPU
		{0910a9e8-8671-82a3-4fe4-3c21ba335f00}.Debug|Any CPU.Build.0 = Debug|Any CPU
	EndGlobalSection
	GlobalSection(SolutionProperties) = preSolution
		HideSolutionNode = FALSE
	EndGlobalSection
EndGlobal
